
Microsoft Visual Studio Solution File, Format Version 11.00
# Visual Studio 2010
Project("{FAE04EC0-301F-11D3-BF4B-00C04F79EFBC}") = "JFLibrary", "JFLibrary\JFLibrary.csproj", "{8CE1C528-895D-4BFC-83F8-AD6C8EC0DDB1}"
EndProject
Project("{FAE04EC0-301F-11D3-BF4B-00C04F79EFBC}") = "JFLibrary.Azure", "JFLibrary.Azure\JFLibrary.Azure.csproj", "{E1D05325-CFFA-4A61-8543-82C090A27908}"
EndProject
Project("{FAE04EC0-301F-11D3-BF4B-00C04F79EFBC}") = "JFLibraryTest", "JFLibraryTest\JFLibraryTest.csproj", "{E58B63A7-F4A0-4C17-A370-F1020518C061}"
EndProject
Project("{2150E333-8FDC-42A3-9474-1A3956D46DE8}") = "Solution Items", "Solution Items", "{24EEC224-5F51-4B48-A3A0-D0EE8149C9C2}"
	ProjectSection(SolutionItems) = preProject
		JFLibrary.vsmdi = JFLibrary.vsmdi
		Local.testsettings = Local.testsettings
		TraceAndTestImpact.testsettings = TraceAndTestImpact.testsettings
	EndProjectSection
EndProject
Global
	GlobalSection(TestCaseManagementSettings) = postSolution
		CategoryFile = JFLibrary.vsmdi
	EndGlobalSection
	GlobalSection(SolutionConfigurationPlatforms) = preSolution
		Debug|Any CPU = Debug|Any CPU
		Release|Any CPU = Release|Any CPU
	EndGlobalSection
	GlobalSection(ProjectConfigurationPlatforms) = postSolution
		{8CE1C528-895D-4BFC-83F8-AD6C8EC0DDB1}.Debug|Any CPU.ActiveCfg = Debug|Any CPU
		{8CE1C528-895D-4BFC-83F8-AD6C8EC0DDB1}.Debug|Any CPU.Build.0 = Debug|Any CPU
		{8CE1C528-895D-4BFC-83F8-AD6C8EC0DDB1}.Release|Any CPU.ActiveCfg = Release|Any CPU
		{8CE1C528-895D-4BFC-83F8-AD6C8EC0DDB1}.Release|Any CPU.Build.0 = Release|Any CPU
		{E1D05325-CFFA-4A61-8543-82C090A27908}.Debug|Any CPU.ActiveCfg = Debug|Any CPU
		{E1D05325-CFFA-4A61-8543-82C090A27908}.Debug|Any CPU.Build.0 = Debug|Any CPU
		{E1D05325-CFFA-4A61-8543-82C090A27908}.Release|Any CPU.ActiveCfg = Release|Any CPU
		{E1D05325-CFFA-4A61-8543-82C090A27908}.Release|Any CPU.Build.0 = Release|Any CPU
		{E58B63A7-F4A0-4C17-A370-F1020518C061}.Debug|Any CPU.ActiveCfg = Debug|Any CPU
		{E58B63A7-F4A0-4C17-A370-F1020518C061}.Debug|Any CPU.Build.0 = Debug|Any CPU
		{E58B63A7-F4A0-4C17-A370-F1020518C061}.Release|Any CPU.ActiveCfg = Release|Any CPU
		{E58B63A7-F4A0-4C17-A370-F1020518C061}.Release|Any CPU.Build.0 = Release|Any CPU
	EndGlobalSection
	GlobalSection(SolutionProperties) = preSolution
		HideSolutionNode = FALSE
	EndGlobalSection
EndGlobal
